
Microsoft Visual Studio Solution File, Format Version 12.00
# Visual Studio 15
VisualStudioVersion = 15.0.27703.2035
MinimumVisualStudioVersion = 10.0.40219.1
Project("{FAE04EC0-301F-11D3-BF4B-00C04F79EFBC}") = "E.Host", "E.Host\E.Host.csproj", "{A3810044-E022-4AA0-85A4-3EDA0D0AD65F}"
EndProject
Project("{FAE04EC0-301F-11D3-BF4B-00C04F79EFBC}") = "E.Host.Services", "E.Host.Services\E.Host.Services.csproj", "{280928B8-25AB-429D-869F-D9810D28400F}"
EndProject
Global
	GlobalSection(SolutionConfigurationPlatforms) = preSolution
		Debug|Any CPU = Debug|Any CPU
		Release|Any CPU = Release|Any CPU
	EndGlobalSection
	GlobalSection(ProjectConfigurationPlatforms) = postSolution
		{A3810044-E022-4AA0-85A4-3EDA0D0AD65F}.Debug|Any CPU.ActiveCfg = Debug|Any CPU
		{A3810044-E022-4AA0-85A4-3EDA0D0AD65F}.Debug|Any CPU.Build.0 = Debug|Any CPU
		{A3810044-E022-4AA0-85A4-3EDA0D0AD65F}.Release|Any CPU.ActiveCfg = Release|Any CPU
		{A3810044-E022-4AA0-85A4-3EDA0D0AD65F}.Release|Any CPU.Build.0 = Release|Any CPU
		{280928B8-25AB-429D-869F-D9810D28400F}.Debug|Any CPU.ActiveCfg = Debug|Any CPU
		{280928B8-25AB-429D-869F-D9810D28400F}.Debug|Any CPU.Build.0 = Debug|Any CPU
		{280928B8-25AB-429D-869F-D9810D28400F}.Release|Any CPU.ActiveCfg = Release|Any CPU
		{280928B8-25AB-429D-869F-D9810D28400F}.Release|Any CPU.Build.0 = Release|Any CPU
	EndGlobalSection
	GlobalSection(SolutionProperties) = preSolution
		HideSolutionNode = FALSE
	EndGlobalSection
	GlobalSection(ExtensibilityGlobals) = postSolution
		SolutionGuid = {6D59E404-9145-49CA-8006-FA6B8903E5D3}
	EndGlobalSection
EndGlobal
